
Microsoft Visual Studio Solution File, Format Version 12.00
# Visual Studio Version 16
VisualStudioVersion = 16.0.31911.196
MinimumVisualStudioVersion = 10.0.40219.1
Project("{FAE04EC0-301F-11D3-BF4B-00C04F79EFBC}") = "Labb1GenericsAvancerad", "Labb1GenericsAvancerad\Labb1GenericsAvancerad.csproj", "{9B1233AF-B6B8-4724-842C-6D70FF03375E}"
EndProject
Global
	GlobalSection(SolutionConfigurationPlatforms) = preSolution
		Debug|Any CPU = Debug|Any CPU
		Release|Any CPU = Release|Any CPU
	EndGlobalSection
	GlobalSection(ProjectConfigurationPlatforms) = postSolution
		{9B1233AF-B6B8-4724-842C-6D70FF03375E}.Debug|Any CPU.ActiveCfg = Debug|Any CPU
		{9B1233AF-B6B8-4724-842C-6D70FF03375E}.Debug|Any CPU.Build.0 = Debug|Any CPU
		{9B1233AF-B6B8-4724-842C-6D70FF03375E}.Release|Any CPU.ActiveCfg = Release|Any CPU
		{9B1233AF-B6B8-4724-842C-6D70FF03375E}.Release|Any CPU.Build.0 = Release|Any CPU
	EndGlobalSection
	GlobalSection(SolutionProperties) = preSolution
		HideSolutionNode = FALSE
	EndGlobalSection
	GlobalSection(ExtensibilityGlobals) = postSolution
		SolutionGuid = {56F3EA98-71C0-492D-B4DB-75DAFEA5EF77}
	EndGlobalSection
EndGlobal
